{
  "nodes": {
    "home-manager": {
      "inputs": {
        "nixpkgs": [
          "nixpkgs"
        ]
      },
      "locked": {
        "lastModified": 1692099905,
        "narHash": "sha256-/pSusGhmIdSdAaywQRFA5dVbfdIzlWQTecM+E46+cJ0=",
        "owner": "nix-community",
        "repo": "home-manager",
        "rev": "2a6679aa9cc3872c29ba2a57fe1b71b3e3c5649f",
        "type": "github"
      },
      "original": {
        "owner": "nix-community",
        "ref": "release-23.05",
        "repo": "home-manager",
        "type": "github"
      }
    },
    "hyprland": {
      "inputs": {
        "hyprland-protocols": "hyprland-protocols",
        "nixpkgs": [
          "nixpkgs-unstable"
        ],
        "wlroots": "wlroots",
        "xdph": "xdph"
      },
      "locked": {
        "lastModified": 1681753180,
        "narHash": "sha256-JzJuLvJgho4/GGrV7Fy7q3Edj2gh0hcB4XcPYoh6OyI=",
        "owner": "hyprwm",
        "repo": "Hyprland",
        "rev": "b4f75525d9d11364a69944c48b5ace21dc229fca",
        "type": "github"
      },
      "original": {
        "owner": "hyprwm",
        "ref": "b4f7552",
        "repo": "Hyprland",
        "type": "github"
      }
    },
    "hyprland-protocols": {
      "inputs": {
        "nixpkgs": [
          "hyprland",
          "nixpkgs"
        ]
      },
      "locked": {
        "lastModified": 1681065697,
        "narHash": "sha256-QPzwwlGKX95tl6ZEshboZbEwwAXww6lNLdVYd6T9Mrc=",
        "owner": "hyprwm",
        "repo": "hyprland-protocols",
        "rev": "4d29e48433270a2af06b8bc711ca1fe5109746cd",
        "type": "github"
      },
      "original": {
        "owner": "hyprwm",
        "repo": "hyprland-protocols",
        "type": "github"
      }
    },
    "nixpkgs": {
      "locked": {
        "lastModified": 1692986144,
        "narHash": "sha256-M4VFpy7Av9j+33HF5nIGm0k2+DXXW4qSSKdidIKg5jY=",
        "owner": "NixOS",
        "repo": "nixpkgs",
        "rev": "74e5bdc5478ebbe7ba5849f0d765f92757bb9dbf",
        "type": "github"
      },
      "original": {
        "id": "nixpkgs",
        "ref": "nixos-23.05",
        "type": "indirect"
      }
    },
    "nixpkgs-22-05": {
      "locked": {
        "lastModified": 1685573264,
        "narHash": "sha256-Zffu01pONhs/pqH07cjlF10NnMDLok8ix5Uk4rhOnZQ=",
        "owner": "NixOS",
        "repo": "nixpkgs",
        "rev": "380be19fbd2d9079f677978361792cb25e8a3635",
        "type": "github"
      },
      "original": {
        "id": "nixpkgs",
        "ref": "nixos-22.05",
        "type": "indirect"
      }
    },
    "nixpkgs-unstable": {
      "locked": {
        "lastModified": 1693003285,
        "narHash": "sha256-5nm4yrEHKupjn62MibENtfqlP6pWcRTuSKrMiH9bLkc=",
        "owner": "NixOS",
        "repo": "nixpkgs",
        "rev": "5690c4271f2998c304a45c91a0aeb8fb69feaea7",
        "type": "github"
      },
      "original": {
        "owner": "NixOS",
        "ref": "nixos-unstable",
        "repo": "nixpkgs",
        "type": "github"
      }
    },
    "root": {
      "inputs": {
        "home-manager": "home-manager",
        "hyprland": "hyprland",
        "nixpkgs": "nixpkgs",
        "nixpkgs-22-05": "nixpkgs-22-05",
        "nixpkgs-unstable": "nixpkgs-unstable"
      }
    },
    "wlroots": {
      "flake": false,
      "locked": {
        "host": "gitlab.freedesktop.org",
        "lastModified": 1680810405,
        "narHash": "sha256-LmI/4Yp/pOOoI4RxLRx9I90NBsiqdRLVOfbATKlgpkg=",
        "owner": "wlroots",
        "repo": "wlroots",
        "rev": "7abda952d0000b72d240fe1d41457b9288f0b6e5",
        "type": "gitlab"
      },
      "original": {
        "host": "gitlab.freedesktop.org",
        "owner": "wlroots",
        "repo": "wlroots",
        "type": "gitlab"
      }
    },
    "xdph": {
      "inputs": {
        "hyprland-protocols": [
          "hyprland",
          "hyprland-protocols"
        ],
        "nixpkgs": [
          "hyprland",
          "nixpkgs"
        ]
      },
      "locked": {
        "lastModified": 1681127512,
        "narHash": "sha256-vklOOhBj5W8fii6yN4L2WY5ZeifBmsq3+mJ2wC1Pk9U=",
        "owner": "hyprwm",
        "repo": "xdg-desktop-portal-hyprland",
        "rev": "04f579377a32781ce57c9cf4ba2a5bcb7f53fa97",
        "type": "github"
      },
      "original": {
        "owner": "hyprwm",
        "repo": "xdg-desktop-portal-hyprland",
        "type": "github"
      }
    }
  },
  "root": "root",
  "version": 7
}
